// !$*UTF8*$!
{
	archiveVersion = 1;
	classes = {
	};
	objectVersion = 50;
	objects = {

/* Begin PBXBuildFile section */
		5302289B3128820FED424D91 /* Pods_AdvncdUITests.framework in Frameworks */ = {isa = PBXBuildFile; fileRef = 92C265DEA74ECFE19D52F0BF /* Pods_AdvncdUITests.framework */; };
		669112F5AF6B31740BE9775D /* Pods_Advncd.framework in Frameworks */ = {isa = PBXBuildFile; fileRef = FB85D3CED8FF3A745F10FE36 /* Pods_Advncd.framework */; };
		7370C1755F2B4E164418572A /* Pods_AdvncdTests.framework in Frameworks */ = {isa = PBXBuildFile; fileRef = 1F5703725D291A18FA646E88 /* Pods_AdvncdTests.framework */; };
		8A15BEFF2227FCD5001C683D /* AppDelegate.swift in Sources */ = {isa = PBXBuildFile; fileRef = 8A15BEFE2227FCD5001C683D /* AppDelegate.swift */; };
		8A15BF042227FCD5001C683D /* Main.storyboard in Resources */ = {isa = PBXBuildFile; fileRef = 8A15BF022227FCD5001C683D /* Main.storyboard */; };
		8A15BF062227FCD7001C683D /* Assets.xcassets in Resources */ = {isa = PBXBuildFile; fileRef = 8A15BF052227FCD7001C683D /* Assets.xcassets */; };
		8A15BF092227FCD7001C683D /* LaunchScreen.storyboard in Resources */ = {isa = PBXBuildFile; fileRef = 8A15BF072227FCD7001C683D /* LaunchScreen.storyboard */; };
		8A15BF142227FCD7001C683D /* AdvncdTests.swift in Sources */ = {isa = PBXBuildFile; fileRef = 8A15BF132227FCD7001C683D /* AdvncdTests.swift */; };
		8A15BF1F2227FCD7001C683D /* AdvncdUITests.swift in Sources */ = {isa = PBXBuildFile; fileRef = 8A15BF1E2227FCD7001C683D /* AdvncdUITests.swift */; };
		8A15BF312227FDCF001C683D /* Colors.swift in Sources */ = {isa = PBXBuildFile; fileRef = 8A15BF302227FDCF001C683D /* Colors.swift */; };
		8A15BF332227FF0D001C683D /* AuthViewController.swift in Sources */ = {isa = PBXBuildFile; fileRef = 8A15BF322227FF0D001C683D /* AuthViewController.swift */; };
		8A15BF3622280562001C683D /* GoogleService-Info.plist in Resources */ = {isa = PBXBuildFile; fileRef = 8A15BF3522280562001C683D /* GoogleService-Info.plist */; };
		8A15BF3822280685001C683D /* AuthView.swift in Sources */ = {isa = PBXBuildFile; fileRef = 8A15BF3722280685001C683D /* AuthView.swift */; };
		8A15BF3A22280989001C683D /* AnchorExtension.swift in Sources */ = {isa = PBXBuildFile; fileRef = 8A15BF3922280989001C683D /* AnchorExtension.swift */; };
		8A15BF3C222809A4001C683D /* Constants.swift in Sources */ = {isa = PBXBuildFile; fileRef = 8A15BF3B222809A4001C683D /* Constants.swift */; };
		8A15BF3E222812FE001C683D /* Fonts.swift in Sources */ = {isa = PBXBuildFile; fileRef = 8A15BF3D222812FE001C683D /* Fonts.swift */; };
		8A15BF4622283644001C683D /* NeogreyRegular.otf in Resources */ = {isa = PBXBuildFile; fileRef = 8A15BF4422283644001C683D /* NeogreyRegular.otf */; };
		8A15BF4722283644001C683D /* NeogreyMedium.otf in Resources */ = {isa = PBXBuildFile; fileRef = 8A15BF4522283644001C683D /* NeogreyMedium.otf */; };
		8A15BF4D222836BA001C683D /* Montserrat-SemiBold.ttf in Resources */ = {isa = PBXBuildFile; fileRef = 8A15BF48222836BA001C683D /* Montserrat-SemiBold.ttf */; };
		8A15BF4E222836BA001C683D /* Montserrat-Medium.ttf in Resources */ = {isa = PBXBuildFile; fileRef = 8A15BF49222836BA001C683D /* Montserrat-Medium.ttf */; };
		8A15BF4F222836BA001C683D /* Montserrat-Light.ttf in Resources */ = {isa = PBXBuildFile; fileRef = 8A15BF4A222836BA001C683D /* Montserrat-Light.ttf */; };
		8A15BF50222836BA001C683D /* Montserrat-Bold.ttf in Resources */ = {isa = PBXBuildFile; fileRef = 8A15BF4B222836BA001C683D /* Montserrat-Bold.ttf */; };
		8A15BF51222836BA001C683D /* Montserrat-Regular.ttf in Resources */ = {isa = PBXBuildFile; fileRef = 8A15BF4C222836BA001C683D /* Montserrat-Regular.ttf */; };
		8A15BF5422283C4C001C683D /* Loader.json in Resources */ = {isa = PBXBuildFile; fileRef = 8A15BF5322283C4C001C683D /* Loader.json */; };
		8A15BF5622283C63001C683D /* ViewControllerExtensions.swift in Sources */ = {isa = PBXBuildFile; fileRef = 8A15BF5522283C63001C683D /* ViewControllerExtensions.swift */; };
		8A15BF58222841D7001C683D /* AuthServices.swift in Sources */ = {isa = PBXBuildFile; fileRef = 8A15BF57222841D7001C683D /* AuthServices.swift */; };
		8A15BF5A222848A7001C683D /* CollectionReferences.swift in Sources */ = {isa = PBXBuildFile; fileRef = 8A15BF59222848A7001C683D /* CollectionReferences.swift */; };
		8A15BF5C222861DA001C683D /* BaseViewController.swift in Sources */ = {isa = PBXBuildFile; fileRef = 8A15BF5B222861DA001C683D /* BaseViewController.swift */; };
		8A15BF5E222864F6001C683D /* BaseView.swift in Sources */ = {isa = PBXBuildFile; fileRef = 8A15BF5D222864F6001C683D /* BaseView.swift */; };
		8A15BF6022287A4E001C683D /* ProfileViewController.swift in Sources */ = {isa = PBXBuildFile; fileRef = 8A15BF5F22287A4E001C683D /* ProfileViewController.swift */; };
		8A15BF6222287EC1001C683D /* ProfileView.swift in Sources */ = {isa = PBXBuildFile; fileRef = 8A15BF6122287EC1001C683D /* ProfileView.swift */; };
		8A15BF66222911EC001C683D /* BaseCollectionViewCell.swift in Sources */ = {isa = PBXBuildFile; fileRef = 8A15BF64222911EC001C683D /* BaseCollectionViewCell.swift */; };
		8A15BF67222911EC001C683D /* BaseCollectionViewCell.xib in Resources */ = {isa = PBXBuildFile; fileRef = 8A15BF65222911EC001C683D /* BaseCollectionViewCell.xib */; };
		8A198EEA222DD52F00241007 /* GuidanceCollectionViewController.swift in Sources */ = {isa = PBXBuildFile; fileRef = 8A198EE9222DD52F00241007 /* GuidanceCollectionViewController.swift */; };
		8A198EEC222DD56800241007 /* GuidanceCollectionViewCell.swift in Sources */ = {isa = PBXBuildFile; fileRef = 8A198EEB222DD56800241007 /* GuidanceCollectionViewCell.swift */; };
		8A198EF3222DD74F00241007 /* Guidance-2.json in Resources */ = {isa = PBXBuildFile; fileRef = 8A198EEE222DD74F00241007 /* Guidance-2.json */; };
		8A198EF5222DD74F00241007 /* Guidance-3.json in Resources */ = {isa = PBXBuildFile; fileRef = 8A198EF0222DD74F00241007 /* Guidance-3.json */; };
		8A198EF6222DD74F00241007 /* Guidance-4.json in Resources */ = {isa = PBXBuildFile; fileRef = 8A198EF1222DD74F00241007 /* Guidance-4.json */; };
		8A198EFF222DDFA000241007 /* Guidance-1.json in Resources */ = {isa = PBXBuildFile; fileRef = 8A198EFE222DDFA000241007 /* Guidance-1.json */; };
		8A198F01222DE79400241007 /* Guidance-0.json in Resources */ = {isa = PBXBuildFile; fileRef = 8A198F00222DE79400241007 /* Guidance-0.json */; };
		8A4831E7222C2ECD00FE0088 /* ARViewController.swift in Sources */ = {isa = PBXBuildFile; fileRef = 8A4831E6222C2ECD00FE0088 /* ARViewController.swift */; };
		8A4831E9222C32A400FE0088 /* ImageExtensions.swift in Sources */ = {isa = PBXBuildFile; fileRef = 8A4831E8222C32A400FE0088 /* ImageExtensions.swift */; };
		8A4831EB222D37CF00FE0088 /* StandardNode.swift in Sources */ = {isa = PBXBuildFile; fileRef = 8A4831EA222D37CF00FE0088 /* StandardNode.swift */; };
		8A4831ED222D813700FE0088 /* DetailedNode.swift in Sources */ = {isa = PBXBuildFile; fileRef = 8A4831EC222D813700FE0088 /* DetailedNode.swift */; };
		8A4831EF222D8C7500FE0088 /* ResumeNode.swift in Sources */ = {isa = PBXBuildFile; fileRef = 8A4831EE222D8C7500FE0088 /* ResumeNode.swift */; };
		8A4831F1222DA97000FE0088 /* PhotosNode.swift in Sources */ = {isa = PBXBuildFile; fileRef = 8A4831F0222DA97000FE0088 /* PhotosNode.swift */; };
		8A4831F3222DB20100FE0088 /* GalleryNode.swift in Sources */ = {isa = PBXBuildFile; fileRef = 8A4831F2222DB20100FE0088 /* GalleryNode.swift */; };
		8A4831F6222DBE0500FE0088 /* CardNode.swift in Sources */ = {isa = PBXBuildFile; fileRef = 8A4831F5222DBE0500FE0088 /* CardNode.swift */; };
		8A4849FD2229632100362980 /* SwipingCollectionViewController.swift in Sources */ = {isa = PBXBuildFile; fileRef = 8A4849FC2229632100362980 /* SwipingCollectionViewController.swift */; };
		8A4849FF2229676200362980 /* PageCollectionViewCell.swift in Sources */ = {isa = PBXBuildFile; fileRef = 8A4849FE2229676200362980 /* PageCollectionViewCell.swift */; };
		8A484A0122297B5E00362980 /* FadeExtensions.swift in Sources */ = {isa = PBXBuildFile; fileRef = 8A484A0022297B5E00362980 /* FadeExtensions.swift */; };
		8A484A092229A86D00362980 /* confirm.json in Resources */ = {isa = PBXBuildFile; fileRef = 8A484A082229A86D00362980 /* confirm.json */; };
		8A484A0B2229A8A600362980 /* ConfirmPageCollectionViewCell.swift in Sources */ = {isa = PBXBuildFile; fileRef = 8A484A0A2229A8A600362980 /* ConfirmPageCollectionViewCell.swift */; };
		8A53CAF3222EAAB8006B2D66 /* QRDetailsViewController.swift in Sources */ = {isa = PBXBuildFile; fileRef = 8A53CAF2222EAAB8006B2D66 /* QRDetailsViewController.swift */; };
		8A983B02222A7D3800980F15 /* CollectionViewExtensions.swift in Sources */ = {isa = PBXBuildFile; fileRef = 8A983B01222A7D3800980F15 /* CollectionViewExtensions.swift */; };
		8A983B08222A9FD100980F15 /* Standard.json in Resources */ = {isa = PBXBuildFile; fileRef = 8A983B07222A9FD100980F15 /* Standard.json */; };
		8A983B0A222AA5DF00980F15 /* Detailed.json in Resources */ = {isa = PBXBuildFile; fileRef = 8A983B09222AA5DF00980F15 /* Detailed.json */; };
		8A983B0E222AA96300980F15 /* Resume.json in Resources */ = {isa = PBXBuildFile; fileRef = 8A983B0D222AA96300980F15 /* Resume.json */; };
		8A983B10222AAC0F00980F15 /* Photos.json in Resources */ = {isa = PBXBuildFile; fileRef = 8A983B0F222AAC0F00980F15 /* Photos.json */; };
		8A983B12222AAED300980F15 /* Gallery.json in Resources */ = {isa = PBXBuildFile; fileRef = 8A983B11222AAED300980F15 /* Gallery.json */; };
		8A983B14222AB1BD00980F15 /* Card.json in Resources */ = {isa = PBXBuildFile; fileRef = 8A983B13222AB1BD00980F15 /* Card.json */; };
		8A983B16222AE15A00980F15 /* QRCodeViewController.swift in Sources */ = {isa = PBXBuildFile; fileRef = 8A983B15222AE15A00980F15 /* QRCodeViewController.swift */; };
		8A983B18222AE28000980F15 /* QRCodeView.swift in Sources */ = {isa = PBXBuildFile; fileRef = 8A983B17222AE28000980F15 /* QRCodeView.swift */; };
		8A983B1A222BB78B00980F15 /* QRConverter.swift in Sources */ = {isa = PBXBuildFile; fileRef = 8A983B19222BB78B00980F15 /* QRConverter.swift */; };
		8A983B1D222BBC3000980F15 /* QRCodeTableViewCell.swift in Sources */ = {isa = PBXBuildFile; fileRef = 8A983B1B222BBC3000980F15 /* QRCodeTableViewCell.swift */; };
		8A983B1E222BBC3000980F15 /* QRCodeTableViewCell.xib in Resources */ = {isa = PBXBuildFile; fileRef = 8A983B1C222BBC3000980F15 /* QRCodeTableViewCell.xib */; };
		8A983B20222BC4CD00980F15 /* QRServices.swift in Sources */ = {isa = PBXBuildFile; fileRef = 8A983B1F222BC4CD00980F15 /* QRServices.swift */; };
		8A983B22222BC6C400980F15 /* QRModel.swift in Sources */ = {isa = PBXBuildFile; fileRef = 8A983B21222BC6C400980F15 /* QRModel.swift */; };
/* End PBXBuildFile section */

/* Begin PBXContainerItemProxy section */
		8A15BF102227FCD7001C683D /* PBXContainerItemProxy */ = {
			isa = PBXContainerItemProxy;
			containerPortal = 8A15BEF32227FCD5001C683D /* Project object */;
			proxyType = 1;
			remoteGlobalIDString = 8A15BEFA2227FCD5001C683D;
			remoteInfo = Advncd;
		};
		8A15BF1B2227FCD7001C683D /* PBXContainerItemProxy */ = {
			isa = PBXContainerItemProxy;
			containerPortal = 8A15BEF32227FCD5001C683D /* Project object */;
			proxyType = 1;
			remoteGlobalIDString = 8A15BEFA2227FCD5001C683D;
			remoteInfo = Advncd;
		};
/* End PBXContainerItemProxy section */

/* Begin PBXFileReference section */
		1F5703725D291A18FA646E88 /* Pods_AdvncdTests.framework */ = {isa = PBXFileReference; explicitFileType = wrapper.framework; includeInIndex = 0; path = Pods_AdvncdTests.framework; sourceTree = BUILT_PRODUCTS_DIR; };
		619B9B6A469648589AA07B4E /* Pods-Advncd.debug.xcconfig */ = {isa = PBXFileReference; includeInIndex = 1; lastKnownFileType = text.xcconfig; name = "Pods-Advncd.debug.xcconfig"; path = "Pods/Target Support Files/Pods-Advncd/Pods-Advncd.debug.xcconfig"; sourceTree = "<group>"; };
		65D9D6BC9E85B35524311251 /* Pods-AdvncdTests.release.xcconfig */ = {isa = PBXFileReference; includeInIndex = 1; lastKnownFileType = text.xcconfig; name = "Pods-AdvncdTests.release.xcconfig"; path = "Pods/Target Support Files/Pods-AdvncdTests/Pods-AdvncdTests.release.xcconfig"; sourceTree = "<group>"; };
		8A15BEFB2227FCD5001C683D /* Advncd.app */ = {isa = PBXFileReference; explicitFileType = wrapper.application; includeInIndex = 0; path = Advncd.app; sourceTree = BUILT_PRODUCTS_DIR; };
		8A15BEFE2227FCD5001C683D /* AppDelegate.swift */ = {isa = PBXFileReference; lastKnownFileType = sourcecode.swift; path = AppDelegate.swift; sourceTree = "<group>"; };
		8A15BF032227FCD5001C683D /* Base */ = {isa = PBXFileReference; lastKnownFileType = file.storyboard; name = Base; path = Base.lproj/Main.storyboard; sourceTree = "<group>"; };
		8A15BF052227FCD7001C683D /* Assets.xcassets */ = {isa = PBXFileReference; lastKnownFileType = folder.assetcatalog; path = Assets.xcassets; sourceTree = "<group>"; };
		8A15BF082227FCD7001C683D /* Base */ = {isa = PBXFileReference; lastKnownFileType = file.storyboard; name = Base; path = Base.lproj/LaunchScreen.storyboard; sourceTree = "<group>"; };
		8A15BF0A2227FCD7001C683D /* Info.plist */ = {isa = PBXFileReference; lastKnownFileType = text.plist.xml; path = Info.plist; sourceTree = "<group>"; };
		8A15BF0F2227FCD7001C683D /* AdvncdTests.xctest */ = {isa = PBXFileReference; explicitFileType = wrapper.cfbundle; includeInIndex = 0; path = AdvncdTests.xctest; sourceTree = BUILT_PRODUCTS_DIR; };
		8A15BF132227FCD7001C683D /* AdvncdTests.swift */ = {isa = PBXFileReference; lastKnownFileType = sourcecode.swift; path = AdvncdTests.swift; sourceTree = "<group>"; };
		8A15BF152227FCD7001C683D /* Info.plist */ = {isa = PBXFileReference; lastKnownFileType = text.plist.xml; path = Info.plist; sourceTree = "<group>"; };
		8A15BF1A2227FCD7001C683D /* AdvncdUITests.xctest */ = {isa = PBXFileReference; explicitFileType = wrapper.cfbundle; includeInIndex = 0; path = AdvncdUITests.xctest; sourceTree = BUILT_PRODUCTS_DIR; };
		8A15BF1E2227FCD7001C683D /* AdvncdUITests.swift */ = {isa = PBXFileReference; lastKnownFileType = sourcecode.swift; path = AdvncdUITests.swift; sourceTree = "<group>"; };
		8A15BF202227FCD7001C683D /* Info.plist */ = {isa = PBXFileReference; lastKnownFileType = text.plist.xml; path = Info.plist; sourceTree = "<group>"; };
		8A15BF302227FDCF001C683D /* Colors.swift */ = {isa = PBXFileReference; lastKnownFileType = sourcecode.swift; path = Colors.swift; sourceTree = "<group>"; };
		8A15BF322227FF0D001C683D /* AuthViewController.swift */ = {isa = PBXFileReference; lastKnownFileType = sourcecode.swift; path = AuthViewController.swift; sourceTree = "<group>"; };
		8A15BF3522280562001C683D /* GoogleService-Info.plist */ = {isa = PBXFileReference; fileEncoding = 4; lastKnownFileType = text.plist.xml; path = "GoogleService-Info.plist"; sourceTree = "<group>"; };
		8A15BF3722280685001C683D /* AuthView.swift */ = {isa = PBXFileReference; lastKnownFileType = sourcecode.swift; path = AuthView.swift; sourceTree = "<group>"; };
		8A15BF3922280989001C683D /* AnchorExtension.swift */ = {isa = PBXFileReference; lastKnownFileType = sourcecode.swift; path = AnchorExtension.swift; sourceTree = "<group>"; };
		8A15BF3B222809A4001C683D /* Constants.swift */ = {isa = PBXFileReference; lastKnownFileType = sourcecode.swift; path = Constants.swift; sourceTree = "<group>"; };
		8A15BF3D222812FE001C683D /* Fonts.swift */ = {isa = PBXFileReference; lastKnownFileType = sourcecode.swift; path = Fonts.swift; sourceTree = "<group>"; };
		8A15BF4422283644001C683D /* NeogreyRegular.otf */ = {isa = PBXFileReference; lastKnownFileType = file; path = NeogreyRegular.otf; sourceTree = "<group>"; };
		8A15BF4522283644001C683D /* NeogreyMedium.otf */ = {isa = PBXFileReference; lastKnownFileType = file; path = NeogreyMedium.otf; sourceTree = "<group>"; };
		8A15BF48222836BA001C683D /* Montserrat-SemiBold.ttf */ = {isa = PBXFileReference; lastKnownFileType = file; path = "Montserrat-SemiBold.ttf"; sourceTree = "<group>"; };
		8A15BF49222836BA001C683D /* Montserrat-Medium.ttf */ = {isa = PBXFileReference; lastKnownFileType = file; path = "Montserrat-Medium.ttf"; sourceTree = "<group>"; };
		8A15BF4A222836BA001C683D /* Montserrat-Light.ttf */ = {isa = PBXFileReference; lastKnownFileType = file; path = "Montserrat-Light.ttf"; sourceTree = "<group>"; };
		8A15BF4B222836BA001C683D /* Montserrat-Bold.ttf */ = {isa = PBXFileReference; lastKnownFileType = file; path = "Montserrat-Bold.ttf"; sourceTree = "<group>"; };
		8A15BF4C222836BA001C683D /* Montserrat-Regular.ttf */ = {isa = PBXFileReference; lastKnownFileType = file; path = "Montserrat-Regular.ttf"; sourceTree = "<group>"; };
		8A15BF5322283C4C001C683D /* Loader.json */ = {isa = PBXFileReference; fileEncoding = 4; lastKnownFileType = text.json; path = Loader.json; sourceTree = "<group>"; };
		8A15BF5522283C63001C683D /* ViewControllerExtensions.swift */ = {isa = PBXFileReference; lastKnownFileType = sourcecode.swift; path = ViewControllerExtensions.swift; sourceTree = "<group>"; };
		8A15BF57222841D7001C683D /* AuthServices.swift */ = {isa = PBXFileReference; lastKnownFileType = sourcecode.swift; path = AuthServices.swift; sourceTree = "<group>"; };
		8A15BF59222848A7001C683D /* CollectionReferences.swift */ = {isa = PBXFileReference; lastKnownFileType = sourcecode.swift; path = CollectionReferences.swift; sourceTree = "<group>"; };
		8A15BF5B222861DA001C683D /* BaseViewController.swift */ = {isa = PBXFileReference; lastKnownFileType = sourcecode.swift; path = BaseViewController.swift; sourceTree = "<group>"; };
		8A15BF5D222864F6001C683D /* BaseView.swift */ = {isa = PBXFileReference; lastKnownFileType = sourcecode.swift; path = BaseView.swift; sourceTree = "<group>"; };
		8A15BF5F22287A4E001C683D /* ProfileViewController.swift */ = {isa = PBXFileReference; lastKnownFileType = sourcecode.swift; path = ProfileViewController.swift; sourceTree = "<group>"; };
		8A15BF6122287EC1001C683D /* ProfileView.swift */ = {isa = PBXFileReference; lastKnownFileType = sourcecode.swift; path = ProfileView.swift; sourceTree = "<group>"; };
		8A15BF64222911EC001C683D /* BaseCollectionViewCell.swift */ = {isa = PBXFileReference; lastKnownFileType = sourcecode.swift; path = BaseCollectionViewCell.swift; sourceTree = "<group>"; };
		8A15BF65222911EC001C683D /* BaseCollectionViewCell.xib */ = {isa = PBXFileReference; lastKnownFileType = file.xib; path = BaseCollectionViewCell.xib; sourceTree = "<group>"; };
		8A198EE9222DD52F00241007 /* GuidanceCollectionViewController.swift */ = {isa = PBXFileReference; lastKnownFileType = sourcecode.swift; path = GuidanceCollectionViewController.swift; sourceTree = "<group>"; };
		8A198EEB222DD56800241007 /* GuidanceCollectionViewCell.swift */ = {isa = PBXFileReference; lastKnownFileType = sourcecode.swift; path = GuidanceCollectionViewCell.swift; sourceTree = "<group>"; };
		8A198EEE222DD74F00241007 /* Guidance-2.json */ = {isa = PBXFileReference; fileEncoding = 4; lastKnownFileType = text.json; path = "Guidance-2.json"; sourceTree = "<group>"; };
		8A198EF0222DD74F00241007 /* Guidance-3.json */ = {isa = PBXFileReference; fileEncoding = 4; lastKnownFileType = text.json; path = "Guidance-3.json"; sourceTree = "<group>"; };
		8A198EF1222DD74F00241007 /* Guidance-4.json */ = {isa = PBXFileReference; fileEncoding = 4; lastKnownFileType = text.json; path = "Guidance-4.json"; sourceTree = "<group>"; };
		8A198EFE222DDFA000241007 /* Guidance-1.json */ = {isa = PBXFileReference; fileEncoding = 4; lastKnownFileType = text.json; path = "Guidance-1.json"; sourceTree = "<group>"; };
		8A198F00222DE79400241007 /* Guidance-0.json */ = {isa = PBXFileReference; fileEncoding = 4; lastKnownFileType = text.json; name = "Guidance-0.json"; path = "../../../../../Desktop/Advncd/Guidance-0.json"; sourceTree = "<group>"; };
		8A4831E6222C2ECD00FE0088 /* ARViewController.swift */ = {isa = PBXFileReference; lastKnownFileType = sourcecode.swift; path = ARViewController.swift; sourceTree = "<group>"; };
		8A4831E8222C32A400FE0088 /* ImageExtensions.swift */ = {isa = PBXFileReference; lastKnownFileType = sourcecode.swift; path = ImageExtensions.swift; sourceTree = "<group>"; };
		8A4831EA222D37CF00FE0088 /* StandardNode.swift */ = {isa = PBXFileReference; lastKnownFileType = sourcecode.swift; path = StandardNode.swift; sourceTree = "<group>"; };
		8A4831EC222D813700FE0088 /* DetailedNode.swift */ = {isa = PBXFileReference; lastKnownFileType = sourcecode.swift; path = DetailedNode.swift; sourceTree = "<group>"; };
		8A4831EE222D8C7500FE0088 /* ResumeNode.swift */ = {isa = PBXFileReference; lastKnownFileType = sourcecode.swift; path = ResumeNode.swift; sourceTree = "<group>"; };
		8A4831F0222DA97000FE0088 /* PhotosNode.swift */ = {isa = PBXFileReference; lastKnownFileType = sourcecode.swift; path = PhotosNode.swift; sourceTree = "<group>"; };
		8A4831F2222DB20100FE0088 /* GalleryNode.swift */ = {isa = PBXFileReference; lastKnownFileType = sourcecode.swift; path = GalleryNode.swift; sourceTree = "<group>"; };
		8A4831F5222DBE0500FE0088 /* CardNode.swift */ = {isa = PBXFileReference; lastKnownFileType = sourcecode.swift; path = CardNode.swift; sourceTree = "<group>"; };
		8A4849FC2229632100362980 /* SwipingCollectionViewController.swift */ = {isa = PBXFileReference; lastKnownFileType = sourcecode.swift; path = SwipingCollectionViewController.swift; sourceTree = "<group>"; };
		8A4849FE2229676200362980 /* PageCollectionViewCell.swift */ = {isa = PBXFileReference; lastKnownFileType = sourcecode.swift; path = PageCollectionViewCell.swift; sourceTree = "<group>"; };
		8A484A0022297B5E00362980 /* FadeExtensions.swift */ = {isa = PBXFileReference; lastKnownFileType = sourcecode.swift; path = FadeExtensions.swift; sourceTree = "<group>"; };
		8A484A082229A86D00362980 /* confirm.json */ = {isa = PBXFileReference; fileEncoding = 4; lastKnownFileType = text.json; path = confirm.json; sourceTree = "<group>"; };
		8A484A0A2229A8A600362980 /* ConfirmPageCollectionViewCell.swift */ = {isa = PBXFileReference; lastKnownFileType = sourcecode.swift; path = ConfirmPageCollectionViewCell.swift; sourceTree = "<group>"; };
		8A53CAF2222EAAB8006B2D66 /* QRDetailsViewController.swift */ = {isa = PBXFileReference; lastKnownFileType = sourcecode.swift; path = QRDetailsViewController.swift; sourceTree = "<group>"; };
		8A983B01222A7D3800980F15 /* CollectionViewExtensions.swift */ = {isa = PBXFileReference; lastKnownFileType = sourcecode.swift; path = CollectionViewExtensions.swift; sourceTree = "<group>"; };
		8A983B07222A9FD100980F15 /* Standard.json */ = {isa = PBXFileReference; fileEncoding = 4; lastKnownFileType = text.json; path = Standard.json; sourceTree = "<group>"; };
		8A983B09222AA5DF00980F15 /* Detailed.json */ = {isa = PBXFileReference; fileEncoding = 4; lastKnownFileType = text.json; path = Detailed.json; sourceTree = "<group>"; };
		8A983B0D222AA96300980F15 /* Resume.json */ = {isa = PBXFileReference; fileEncoding = 4; lastKnownFileType = text.json; path = Resume.json; sourceTree = "<group>"; };
		8A983B0F222AAC0F00980F15 /* Photos.json */ = {isa = PBXFileReference; fileEncoding = 4; lastKnownFileType = text.json; path = Photos.json; sourceTree = "<group>"; };
		8A983B11222AAED300980F15 /* Gallery.json */ = {isa = PBXFileReference; fileEncoding = 4; lastKnownFileType = text.json; path = Gallery.json; sourceTree = "<group>"; };
		8A983B13222AB1BD00980F15 /* Card.json */ = {isa = PBXFileReference; fileEncoding = 4; lastKnownFileType = text.json; path = Card.json; sourceTree = "<group>"; };
		8A983B15222AE15A00980F15 /* QRCodeViewController.swift */ = {isa = PBXFileReference; lastKnownFileType = sourcecode.swift; path = QRCodeViewController.swift; sourceTree = "<group>"; };
		8A983B17222AE28000980F15 /* QRCodeView.swift */ = {isa = PBXFileReference; lastKnownFileType = sourcecode.swift; path = QRCodeView.swift; sourceTree = "<group>"; };
		8A983B19222BB78B00980F15 /* QRConverter.swift */ = {isa = PBXFileReference; lastKnownFileType = sourcecode.swift; path = QRConverter.swift; sourceTree = "<group>"; };
		8A983B1B222BBC3000980F15 /* QRCodeTableViewCell.swift */ = {isa = PBXFileReference; lastKnownFileType = sourcecode.swift; path = QRCodeTableViewCell.swift; sourceTree = "<group>"; };
		8A983B1C222BBC3000980F15 /* QRCodeTableViewCell.xib */ = {isa = PBXFileReference; lastKnownFileType = file.xib; path = QRCodeTableViewCell.xib; sourceTree = "<group>"; };
		8A983B1F222BC4CD00980F15 /* QRServices.swift */ = {isa = PBXFileReference; lastKnownFileType = sourcecode.swift; path = QRServices.swift; sourceTree = "<group>"; };
		8A983B21222BC6C400980F15 /* QRModel.swift */ = {isa = PBXFileReference; lastKnownFileType = sourcecode.swift; path = QRModel.swift; sourceTree = "<group>"; };
		92C265DEA74ECFE19D52F0BF /* Pods_AdvncdUITests.framework */ = {isa = PBXFileReference; explicitFileType = wrapper.framework; includeInIndex = 0; path = Pods_AdvncdUITests.framework; sourceTree = BUILT_PRODUCTS_DIR; };
		9AE42CD4EB1774E7611D5007 /* Pods-Advncd.release.xcconfig */ = {isa = PBXFileReference; includeInIndex = 1; lastKnownFileType = text.xcconfig; name = "Pods-Advncd.release.xcconfig"; path = "Pods/Target Support Files/Pods-Advncd/Pods-Advncd.release.xcconfig"; sourceTree = "<group>"; };
		9F087AA2D12DE8C238FF019E /* Pods-AdvncdUITests.debug.xcconfig */ = {isa = PBXFileReference; includeInIndex = 1; lastKnownFileType = text.xcconfig; name = "Pods-AdvncdUITests.debug.xcconfig"; path = "Pods/Target Support Files/Pods-AdvncdUITests/Pods-AdvncdUITests.debug.xcconfig"; sourceTree = "<group>"; };
		CF367F498BDBDDEBC6153532 /* Pods-AdvncdTests.debug.xcconfig */ = {isa = PBXFileReference; includeInIndex = 1; lastKnownFileType = text.xcconfig; name = "Pods-AdvncdTests.debug.xcconfig"; path = "Pods/Target Support Files/Pods-AdvncdTests/Pods-AdvncdTests.debug.xcconfig"; sourceTree = "<group>"; };
		DE7591FEA6A255BF9D6542B0 /* Pods-AdvncdUITests.release.xcconfig */ = {isa = PBXFileReference; includeInIndex = 1; lastKnownFileType = text.xcconfig; name = "Pods-AdvncdUITests.release.xcconfig"; path = "Pods/Target Support Files/Pods-AdvncdUITests/Pods-AdvncdUITests.release.xcconfig"; sourceTree = "<group>"; };
		FB85D3CED8FF3A745F10FE36 /* Pods_Advncd.framework */ = {isa = PBXFileReference; explicitFileType = wrapper.framework; includeInIndex = 0; path = Pods_Advncd.framework; sourceTree = BUILT_PRODUCTS_DIR; };
/* End PBXFileReference section */

/* Begin PBXFrameworksBuildPhase section */
		8A15BEF82227FCD5001C683D /* Frameworks */ = {
			isa = PBXFrameworksBuildPhase;
			buildActionMask = 2147483647;
			files = (
				669112F5AF6B31740BE9775D /* Pods_Advncd.framework in Frameworks */,
			);
			runOnlyForDeploymentPostprocessing = 0;
		};
		8A15BF0C2227FCD7001C683D /* Frameworks */ = {
			isa = PBXFrameworksBuildPhase;
			buildActionMask = 2147483647;
			files = (
				7370C1755F2B4E164418572A /* Pods_AdvncdTests.framework in Frameworks */,
			);
			runOnlyForDeploymentPostprocessing = 0;
		};
		8A15BF172227FCD7001C683D /* Frameworks */ = {
			isa = PBXFrameworksBuildPhase;
			buildActionMask = 2147483647;
			files = (
				5302289B3128820FED424D91 /* Pods_AdvncdUITests.framework in Frameworks */,
			);
			runOnlyForDeploymentPostprocessing = 0;
		};
/* End PBXFrameworksBuildPhase section */

/* Begin PBXGroup section */
		8A15BEF22227FCD5001C683D = {
			isa = PBXGroup;
			children = (
				8A15BEFD2227FCD5001C683D /* Advncd */,
				8A15BF122227FCD7001C683D /* AdvncdTests */,
				8A15BF1D2227FCD7001C683D /* AdvncdUITests */,
				8A15BEFC2227FCD5001C683D /* Products */,
				EAEB3B6F3FF371880BC296C6 /* Pods */,
				FC82573BA6AC6A00712541CA /* Frameworks */,
			);
			sourceTree = "<group>";
		};
		8A15BEFC2227FCD5001C683D /* Products */ = {
			isa = PBXGroup;
			children = (
				8A15BEFB2227FCD5001C683D /* Advncd.app */,
				8A15BF0F2227FCD7001C683D /* AdvncdTests.xctest */,
				8A15BF1A2227FCD7001C683D /* AdvncdUITests.xctest */,
			);
			name = Products;
			sourceTree = "<group>";
		};
		8A15BEFD2227FCD5001C683D /* Advncd */ = {
			isa = PBXGroup;
			children = (
				8A15BF2D2227FD92001C683D /* Model */,
				8A15BF342227FF34001C683D /* View */,
				8A15BF2C2227FD81001C683D /* Controller */,
				8A15BF2E2227FD9A001C683D /* Services */,
				8A15BF2F2227FDA7001C683D /* Utilities */,
				8A15BEFE2227FCD5001C683D /* AppDelegate.swift */,
				8A15BF022227FCD5001C683D /* Main.storyboard */,
				8A15BF052227FCD7001C683D /* Assets.xcassets */,
				8A15BF072227FCD7001C683D /* LaunchScreen.storyboard */,
				8A15BF0A2227FCD7001C683D /* Info.plist */,
				8A15BF3522280562001C683D /* GoogleService-Info.plist */,
			);
			path = Advncd;
			sourceTree = "<group>";
		};
		8A15BF122227FCD7001C683D /* AdvncdTests */ = {
			isa = PBXGroup;
			children = (
				8A15BF132227FCD7001C683D /* AdvncdTests.swift */,
				8A15BF152227FCD7001C683D /* Info.plist */,
			);
			path = AdvncdTests;
			sourceTree = "<group>";
		};
		8A15BF1D2227FCD7001C683D /* AdvncdUITests */ = {
			isa = PBXGroup;
			children = (
				8A15BF1E2227FCD7001C683D /* AdvncdUITests.swift */,
				8A15BF202227FCD7001C683D /* Info.plist */,
			);
			path = AdvncdUITests;
			sourceTree = "<group>";
		};
		8A15BF2C2227FD81001C683D /* Controller */ = {
			isa = PBXGroup;
			children = (
				8A15BF322227FF0D001C683D /* AuthViewController.swift */,
				8A15BF5B222861DA001C683D /* BaseViewController.swift */,
				8A15BF5F22287A4E001C683D /* ProfileViewController.swift */,
				8A198EE9222DD52F00241007 /* GuidanceCollectionViewController.swift */,
				8A4849FC2229632100362980 /* SwipingCollectionViewController.swift */,
				8A983B15222AE15A00980F15 /* QRCodeViewController.swift */,
				8A4831E6222C2ECD00FE0088 /* ARViewController.swift */,
				8A53CAF2222EAAB8006B2D66 /* QRDetailsViewController.swift */,
			);
			path = Controller;
			sourceTree = "<group>";
		};
		8A15BF2D2227FD92001C683D /* Model */ = {
			isa = PBXGroup;
			children = (
				8A983B21222BC6C400980F15 /* QRModel.swift */,
			);
			path = Model;
			sourceTree = "<group>";
		};
		8A15BF2E2227FD9A001C683D /* Services */ = {
			isa = PBXGroup;
			children = (
				8A15BF57222841D7001C683D /* AuthServices.swift */,
				8A15BF59222848A7001C683D /* CollectionReferences.swift */,
				8A983B1F222BC4CD00980F15 /* QRServices.swift */,
			);
			path = Services;
			sourceTree = "<group>";
		};
		8A15BF2F2227FDA7001C683D /* Utilities */ = {
			isa = PBXGroup;
			children = (
				8A4831F4222DBBFE00FE0088 /* Nodes */,
				8A15BF5222283C45001C683D /* Animations */,
				8A15BF4122283183001C683D /* Fonts */,
				8A15BF302227FDCF001C683D /* Colors.swift */,
				8A15BF3922280989001C683D /* AnchorExtension.swift */,
				8A15BF3B222809A4001C683D /* Constants.swift */,
				8A15BF3D222812FE001C683D /* Fonts.swift */,
				8A15BF5522283C63001C683D /* ViewControllerExtensions.swift */,
				8A484A0022297B5E00362980 /* FadeExtensions.swift */,
				8A983B01222A7D3800980F15 /* CollectionViewExtensions.swift */,
				8A983B19222BB78B00980F15 /* QRConverter.swift */,
				8A4831E8222C32A400FE0088 /* ImageExtensions.swift */,
			);
			path = Utilities;
			sourceTree = "<group>";
		};
		8A15BF342227FF34001C683D /* View */ = {
			isa = PBXGroup;
			children = (
				8A15BF63222911CD001C683D /* Cell */,
				8A15BF3722280685001C683D /* AuthView.swift */,
				8A15BF5D222864F6001C683D /* BaseView.swift */,
				8A15BF6122287EC1001C683D /* ProfileView.swift */,
				8A983B17222AE28000980F15 /* QRCodeView.swift */,
			);
			path = View;
			sourceTree = "<group>";
		};
		8A15BF4122283183001C683D /* Fonts */ = {
			isa = PBXGroup;
			children = (
				8A15BF4B222836BA001C683D /* Montserrat-Bold.ttf */,
				8A15BF4A222836BA001C683D /* Montserrat-Light.ttf */,
				8A15BF49222836BA001C683D /* Montserrat-Medium.ttf */,
				8A15BF4C222836BA001C683D /* Montserrat-Regular.ttf */,
				8A15BF48222836BA001C683D /* Montserrat-SemiBold.ttf */,
				8A15BF4522283644001C683D /* NeogreyMedium.otf */,
				8A15BF4422283644001C683D /* NeogreyRegular.otf */,
			);
			path = Fonts;
			sourceTree = "<group>";
		};
		8A15BF5222283C45001C683D /* Animations */ = {
			isa = PBXGroup;
			children = (
				8A198EED222DD74200241007 /* Guidance Animation */,
				8A983B07222A9FD100980F15 /* Standard.json */,
				8A983B09222AA5DF00980F15 /* Detailed.json */,
				8A983B11222AAED300980F15 /* Gallery.json */,
				8A983B13222AB1BD00980F15 /* Card.json */,
				8A983B0D222AA96300980F15 /* Resume.json */,
				8A983B0F222AAC0F00980F15 /* Photos.json */,
				8A484A082229A86D00362980 /* confirm.json */,
				8A15BF5322283C4C001C683D /* Loader.json */,
			);
			path = Animations;
			sourceTree = "<group>";
		};
		8A15BF63222911CD001C683D /* Cell */ = {
			isa = PBXGroup;
			children = (
				8A15BF64222911EC001C683D /* BaseCollectionViewCell.swift */,
				8A15BF65222911EC001C683D /* BaseCollectionViewCell.xib */,
				8A198EEB222DD56800241007 /* GuidanceCollectionViewCell.swift */,
				8A4849FE2229676200362980 /* PageCollectionViewCell.swift */,
				8A484A0A2229A8A600362980 /* ConfirmPageCollectionViewCell.swift */,
				8A983B1B222BBC3000980F15 /* QRCodeTableViewCell.swift */,
				8A983B1C222BBC3000980F15 /* QRCodeTableViewCell.xib */,
			);
			path = Cell;
			sourceTree = "<group>";
		};
		8A198EED222DD74200241007 /* Guidance Animation */ = {
			isa = PBXGroup;
			children = (
				8A198F00222DE79400241007 /* Guidance-0.json */,
				8A198EFE222DDFA000241007 /* Guidance-1.json */,
				8A198EEE222DD74F00241007 /* Guidance-2.json */,
				8A198EF0222DD74F00241007 /* Guidance-3.json */,
				8A198EF1222DD74F00241007 /* Guidance-4.json */,
			);
			path = "Guidance Animation";
			sourceTree = "<group>";
		};
		8A4831F4222DBBFE00FE0088 /* Nodes */ = {
			isa = PBXGroup;
			children = (
				8A4831EA222D37CF00FE0088 /* StandardNode.swift */,
				8A4831EC222D813700FE0088 /* DetailedNode.swift */,
				8A4831EE222D8C7500FE0088 /* ResumeNode.swift */,
				8A4831F0222DA97000FE0088 /* PhotosNode.swift */,
				8A4831F2222DB20100FE0088 /* GalleryNode.swift */,
				8A4831F5222DBE0500FE0088 /* CardNode.swift */,
			);
			path = Nodes;
			sourceTree = "<group>";
		};
		EAEB3B6F3FF371880BC296C6 /* Pods */ = {
			isa = PBXGroup;
			children = (
				619B9B6A469648589AA07B4E /* Pods-Advncd.debug.xcconfig */,
				9AE42CD4EB1774E7611D5007 /* Pods-Advncd.release.xcconfig */,
				CF367F498BDBDDEBC6153532 /* Pods-AdvncdTests.debug.xcconfig */,
				65D9D6BC9E85B35524311251 /* Pods-AdvncdTests.release.xcconfig */,
				9F087AA2D12DE8C238FF019E /* Pods-AdvncdUITests.debug.xcconfig */,
				DE7591FEA6A255BF9D6542B0 /* Pods-AdvncdUITests.release.xcconfig */,
			);
			name = Pods;
			sourceTree = "<group>";
		};
		FC82573BA6AC6A00712541CA /* Frameworks */ = {
			isa = PBXGroup;
			children = (
				FB85D3CED8FF3A745F10FE36 /* Pods_Advncd.framework */,
				1F5703725D291A18FA646E88 /* Pods_AdvncdTests.framework */,
				92C265DEA74ECFE19D52F0BF /* Pods_AdvncdUITests.framework */,
			);
			name = Frameworks;
			sourceTree = "<group>";
		};
/* End PBXGroup section */

/* Begin PBXNativeTarget section */
		8A15BEFA2227FCD5001C683D /* Advncd */ = {
			isa = PBXNativeTarget;
			buildConfigurationList = 8A15BF232227FCD7001C683D /* Build configuration list for PBXNativeTarget "Advncd" */;
			buildPhases = (
				B9169C073A4B7C0FFF50924B /* [CP] Check Pods Manifest.lock */,
				8A15BEF72227FCD5001C683D /* Sources */,
				8A15BEF82227FCD5001C683D /* Frameworks */,
				8A15BEF92227FCD5001C683D /* Resources */,
				67FC5F5B958A3EF4E276896A /* [CP] Embed Pods Frameworks */,
			);
			buildRules = (
			);
			dependencies = (
			);
			name = Advncd;
			productName = Advncd;
			productReference = 8A15BEFB2227FCD5001C683D /* Advncd.app */;
			productType = "com.apple.product-type.application";
		};
		8A15BF0E2227FCD7001C683D /* AdvncdTests */ = {
			isa = PBXNativeTarget;
			buildConfigurationList = 8A15BF262227FCD7001C683D /* Build configuration list for PBXNativeTarget "AdvncdTests" */;
			buildPhases = (
				CE8E8F780979B36E6E1CE93C /* [CP] Check Pods Manifest.lock */,
				8A15BF0B2227FCD7001C683D /* Sources */,
				8A15BF0C2227FCD7001C683D /* Frameworks */,
				8A15BF0D2227FCD7001C683D /* Resources */,
			);
			buildRules = (
			);
			dependencies = (
				8A15BF112227FCD7001C683D /* PBXTargetDependency */,
			);
			name = AdvncdTests;
			productName = AdvncdTests;
			productReference = 8A15BF0F2227FCD7001C683D /* AdvncdTests.xctest */;
			productType = "com.apple.product-type.bundle.unit-test";
		};
		8A15BF192227FCD7001C683D /* AdvncdUITests */ = {
			isa = PBXNativeTarget;
			buildConfigurationList = 8A15BF292227FCD7001C683D /* Build configuration list for PBXNativeTarget "AdvncdUITests" */;
			buildPhases = (
				BB89BC376D7CEBD8BAC810BC /* [CP] Check Pods Manifest.lock */,
				8A15BF162227FCD7001C683D /* Sources */,
				8A15BF172227FCD7001C683D /* Frameworks */,
				8A15BF182227FCD7001C683D /* Resources */,
			);
			buildRules = (
			);
			dependencies = (
				8A15BF1C2227FCD7001C683D /* PBXTargetDependency */,
			);
			name = AdvncdUITests;
			productName = AdvncdUITests;
			productReference = 8A15BF1A2227FCD7001C683D /* AdvncdUITests.xctest */;
			productType = "com.apple.product-type.bundle.ui-testing";
		};
/* End PBXNativeTarget section */

/* Begin PBXProject section */
		8A15BEF32227FCD5001C683D /* Project object */ = {
			isa = PBXProject;
			attributes = {
				LastSwiftUpdateCheck = 1010;
				LastUpgradeCheck = 1010;
				ORGANIZATIONNAME = "Antonio Chan";
				TargetAttributes = {
					8A15BEFA2227FCD5001C683D = {
						CreatedOnToolsVersion = 10.1;
					};
					8A15BF0E2227FCD7001C683D = {
						CreatedOnToolsVersion = 10.1;
						TestTargetID = 8A15BEFA2227FCD5001C683D;
					};
					8A15BF192227FCD7001C683D = {
						CreatedOnToolsVersion = 10.1;
						TestTargetID = 8A15BEFA2227FCD5001C683D;
					};
				};
			};
			buildConfigurationList = 8A15BEF62227FCD5001C683D /* Build configuration list for PBXProject "Advncd" */;
			compatibilityVersion = "Xcode 9.3";
			developmentRegion = en;
			hasScannedForEncodings = 0;
			knownRegions = (
				en,
				Base,
			);
			mainGroup = 8A15BEF22227FCD5001C683D;
			productRefGroup = 8A15BEFC2227FCD5001C683D /* Products */;
			projectDirPath = "";
			projectRoot = "";
			targets = (
				8A15BEFA2227FCD5001C683D /* Advncd */,
				8A15BF0E2227FCD7001C683D /* AdvncdTests */,
				8A15BF192227FCD7001C683D /* AdvncdUITests */,
			);
		};
/* End PBXProject section */

/* Begin PBXResourcesBuildPhase section */
		8A15BEF92227FCD5001C683D /* Resources */ = {
			isa = PBXResourcesBuildPhase;
			buildActionMask = 2147483647;
			files = (
				8A15BF50222836BA001C683D /* Montserrat-Bold.ttf in Resources */,
				8A983B1E222BBC3000980F15 /* QRCodeTableViewCell.xib in Resources */,
				8A484A092229A86D00362980 /* confirm.json in Resources */,
				8A198EFF222DDFA000241007 /* Guidance-1.json in Resources */,
				8A15BF5422283C4C001C683D /* Loader.json in Resources */,
				8A15BF51222836BA001C683D /* Montserrat-Regular.ttf in Resources */,
				8A15BF4722283644001C683D /* NeogreyMedium.otf in Resources */,
				8A198EF6222DD74F00241007 /* Guidance-4.json in Resources */,
				8A983B0A222AA5DF00980F15 /* Detailed.json in Resources */,
				8A15BF67222911EC001C683D /* BaseCollectionViewCell.xib in Resources */,
				8A15BF092227FCD7001C683D /* LaunchScreen.storyboard in Resources */,
				8A983B12222AAED300980F15 /* Gallery.json in Resources */,
				8A15BF3622280562001C683D /* GoogleService-Info.plist in Resources */,
				8A15BF4F222836BA001C683D /* Montserrat-Light.ttf in Resources */,
				8A983B08222A9FD100980F15 /* Standard.json in Resources */,
				8A15BF4D222836BA001C683D /* Montserrat-SemiBold.ttf in Resources */,
				8A983B10222AAC0F00980F15 /* Photos.json in Resources */,
				8A198EF5222DD74F00241007 /* Guidance-3.json in Resources */,
				8A15BF4622283644001C683D /* NeogreyRegular.otf in Resources */,
				8A198EF3222DD74F00241007 /* Guidance-2.json in Resources */,
				8A15BF062227FCD7001C683D /* Assets.xcassets in Resources */,
				8A983B0E222AA96300980F15 /* Resume.json in Resources */,
				8A15BF4E222836BA001C683D /* Montserrat-Medium.ttf in Resources */,
				8A15BF042227FCD5001C683D /* Main.storyboard in Resources */,
				8A198F01222DE79400241007 /* Guidance-0.json in Resources */,
				8A983B14222AB1BD00980F15 /* Card.json in Resources */,
			);
			runOnlyForDeploymentPostprocessing = 0;
		};
		8A15BF0D2227FCD7001C683D /* Resources */ = {
			isa = PBXResourcesBuildPhase;
			buildActionMask = 2147483647;
			files = (
			);
			runOnlyForDeploymentPostprocessing = 0;
		};
		8A15BF182227FCD7001C683D /* Resources */ = {
			isa = PBXResourcesBuildPhase;
			buildActionMask = 2147483647;
			files = (
			);
			runOnlyForDeploymentPostprocessing = 0;
		};
/* End PBXResourcesBuildPhase section */

/* Begin PBXShellScriptBuildPhase section */
		67FC5F5B958A3EF4E276896A /* [CP] Embed Pods Frameworks */ = {
			isa = PBXShellScriptBuildPhase;
			buildActionMask = 2147483647;
			files = (
			);
			inputPaths = (
				"${SRCROOT}/Pods/Target Support Files/Pods-Advncd/Pods-Advncd-frameworks.sh",
				"${BUILT_PRODUCTS_DIR}/Bolts/Bolts.framework",
				"${BUILT_PRODUCTS_DIR}/BoringSSL-GRPC/openssl_grpc.framework",
				"${BUILT_PRODUCTS_DIR}/FBSDKCoreKit/FBSDKCoreKit.framework",
				"${BUILT_PRODUCTS_DIR}/FBSDKLoginKit/FBSDKLoginKit.framework",
				"${BUILT_PRODUCTS_DIR}/FacebookCore/FacebookCore.framework",
				"${BUILT_PRODUCTS_DIR}/FacebookLogin/FacebookLogin.framework",
				"${BUILT_PRODUCTS_DIR}/GTMSessionFetcher/GTMSessionFetcher.framework",
				"${BUILT_PRODUCTS_DIR}/GoogleUtilities/GoogleUtilities.framework",
				"${BUILT_PRODUCTS_DIR}/Protobuf/Protobuf.framework",
				"${BUILT_PRODUCTS_DIR}/SDWebImage/SDWebImage.framework",
				"${BUILT_PRODUCTS_DIR}/UICircularProgressRing/UICircularProgressRing.framework",
				"${BUILT_PRODUCTS_DIR}/WhatsNewKit/WhatsNewKit.framework",
				"${BUILT_PRODUCTS_DIR}/gRPC-C++/grpcpp.framework",
				"${BUILT_PRODUCTS_DIR}/gRPC-Core/grpc.framework",
				"${BUILT_PRODUCTS_DIR}/leveldb-library/leveldb.framework",
				"${BUILT_PRODUCTS_DIR}/lottie-ios/Lottie.framework",
				"${BUILT_PRODUCTS_DIR}/nanopb/nanopb.framework",
			);
			name = "[CP] Embed Pods Frameworks";
			outputPaths = (
				"${TARGET_BUILD_DIR}/${FRAMEWORKS_FOLDER_PATH}/Bolts.framework",
				"${TARGET_BUILD_DIR}/${FRAMEWORKS_FOLDER_PATH}/openssl_grpc.framework",
				"${TARGET_BUILD_DIR}/${FRAMEWORKS_FOLDER_PATH}/FBSDKCoreKit.framework",
				"${TARGET_BUILD_DIR}/${FRAMEWORKS_FOLDER_PATH}/FBSDKLoginKit.framework",
				"${TARGET_BUILD_DIR}/${FRAMEWORKS_FOLDER_PATH}/FacebookCore.framework",
				"${TARGET_BUILD_DIR}/${FRAMEWORKS_FOLDER_PATH}/FacebookLogin.framework",
				"${TARGET_BUILD_DIR}/${FRAMEWORKS_FOLDER_PATH}/GTMSessionFetcher.framework",
				"${TARGET_BUILD_DIR}/${FRAMEWORKS_FOLDER_PATH}/GoogleUtilities.framework",
				"${TARGET_BUILD_DIR}/${FRAMEWORKS_FOLDER_PATH}/Protobuf.framework",
				"${TARGET_BUILD_DIR}/${FRAMEWORKS_FOLDER_PATH}/SDWebImage.framework",
				"${TARGET_BUILD_DIR}/${FRAMEWORKS_FOLDER_PATH}/UICircularProgressRing.framework",
				"${TARGET_BUILD_DIR}/${FRAMEWORKS_FOLDER_PATH}/WhatsNewKit.framework",
				"${TARGET_BUILD_DIR}/${FRAMEWORKS_FOLDER_PATH}/grpcpp.framework",
				"${TARGET_BUILD_DIR}/${FRAMEWORKS_FOLDER_PATH}/grpc.framework",
				"${TARGET_BUILD_DIR}/${FRAMEWORKS_FOLDER_PATH}/leveldb.framework",
				"${TARGET_BUILD_DIR}/${FRAMEWORKS_FOLDER_PATH}/Lottie.framework",
				"${TARGET_BUILD_DIR}/${FRAMEWORKS_FOLDER_PATH}/nanopb.framework",
			);
			runOnlyForDeploymentPostprocessing = 0;
			shellPath = /bin/sh;
			shellScript = "\"${SRCROOT}/Pods/Target Support Files/Pods-Advncd/Pods-Advncd-frameworks.sh\"\n";
			showEnvVarsInLog = 0;
		};
		B9169C073A4B7C0FFF50924B /* [CP] Check Pods Manifest.lock */ = {
			isa = PBXShellScriptBuildPhase;
			buildActionMask = 2147483647;
			files = (
			);
			inputPaths = (
				"${PODS_PODFILE_DIR_PATH}/Podfile.lock",
				"${PODS_ROOT}/Manifest.lock",
			);
			name = "[CP] Check Pods Manifest.lock";
			outputPaths = (
				"$(DERIVED_FILE_DIR)/Pods-Advncd-checkManifestLockResult.txt",
			);
			runOnlyForDeploymentPostprocessing = 0;
			shellPath = /bin/sh;
			shellScript = "diff \"${PODS_PODFILE_DIR_PATH}/Podfile.lock\" \"${PODS_ROOT}/Manifest.lock\" > /dev/null\nif [ $? != 0 ] ; then\n    # print error to STDERR\n    echo \"error: The sandbox is not in sync with the Podfile.lock. Run 'pod install' or update your CocoaPods installation.\" >&2\n    exit 1\nfi\n# This output is used by Xcode 'outputs' to avoid re-running this script phase.\necho \"SUCCESS\" > \"${SCRIPT_OUTPUT_FILE_0}\"\n";
			showEnvVarsInLog = 0;
		};
		BB89BC376D7CEBD8BAC810BC /* [CP] Check Pods Manifest.lock */ = {
			isa = PBXShellScriptBuildPhase;
			buildActionMask = 2147483647;
			files = (
			);
			inputPaths = (
				"${PODS_PODFILE_DIR_PATH}/Podfile.lock",
				"${PODS_ROOT}/Manifest.lock",
			);
			name = "[CP] Check Pods Manifest.lock";
			outputPaths = (
				"$(DERIVED_FILE_DIR)/Pods-AdvncdUITests-checkManifestLockResult.txt",
			);
			runOnlyForDeploymentPostprocessing = 0;
			shellPath = /bin/sh;
			shellScript = "diff \"${PODS_PODFILE_DIR_PATH}/Podfile.lock\" \"${PODS_ROOT}/Manifest.lock\" > /dev/null\nif [ $? != 0 ] ; then\n    # print error to STDERR\n    echo \"error: The sandbox is not in sync with the Podfile.lock. Run 'pod install' or update your CocoaPods installation.\" >&2\n    exit 1\nfi\n# This output is used by Xcode 'outputs' to avoid re-running this script phase.\necho \"SUCCESS\" > \"${SCRIPT_OUTPUT_FILE_0}\"\n";
			showEnvVarsInLog = 0;
		};
		CE8E8F780979B36E6E1CE93C /* [CP] Check Pods Manifest.lock */ = {
			isa = PBXShellScriptBuildPhase;
			buildActionMask = 2147483647;
			files = (
			);
			inputPaths = (
				"${PODS_PODFILE_DIR_PATH}/Podfile.lock",
				"${PODS_ROOT}/Manifest.lock",
			);
			name = "[CP] Check Pods Manifest.lock";
			outputPaths = (
				"$(DERIVED_FILE_DIR)/Pods-AdvncdTests-checkManifestLockResult.txt",
			);
			runOnlyForDeploymentPostprocessing = 0;
			shellPath = /bin/sh;
			shellScript = "diff \"${PODS_PODFILE_DIR_PATH}/Podfile.lock\" \"${PODS_ROOT}/Manifest.lock\" > /dev/null\nif [ $? != 0 ] ; then\n    # print error to STDERR\n    echo \"error: The sandbox is not in sync with the Podfile.lock. Run 'pod install' or update your CocoaPods installation.\" >&2\n    exit 1\nfi\n# This output is used by Xcode 'outputs' to avoid re-running this script phase.\necho \"SUCCESS\" > \"${SCRIPT_OUTPUT_FILE_0}\"\n";
			showEnvVarsInLog = 0;
		};
/* End PBXShellScriptBuildPhase section */

/* Begin PBXSourcesBuildPhase section */
		8A15BEF72227FCD5001C683D /* Sources */ = {
			isa = PBXSourcesBuildPhase;
			buildActionMask = 2147483647;
			files = (
				8A15BF5622283C63001C683D /* ViewControllerExtensions.swift in Sources */,
				8A15BF5A222848A7001C683D /* CollectionReferences.swift in Sources */,
				8A15BF5C222861DA001C683D /* BaseViewController.swift in Sources */,
				8A15BF5E222864F6001C683D /* BaseView.swift in Sources */,
				8A4849FF2229676200362980 /* PageCollectionViewCell.swift in Sources */,
				8A983B1D222BBC3000980F15 /* QRCodeTableViewCell.swift in Sources */,
				8A15BF3E222812FE001C683D /* Fonts.swift in Sources */,
				8A15BF66222911EC001C683D /* BaseCollectionViewCell.swift in Sources */,
				8A198EEA222DD52F00241007 /* GuidanceCollectionViewController.swift in Sources */,
				8A15BEFF2227FCD5001C683D /* AppDelegate.swift in Sources */,
				8A983B02222A7D3800980F15 /* CollectionViewExtensions.swift in Sources */,
				8A4831EB222D37CF00FE0088 /* StandardNode.swift in Sources */,
				8A198EEC222DD56800241007 /* GuidanceCollectionViewCell.swift in Sources */,
				8A4831ED222D813700FE0088 /* DetailedNode.swift in Sources */,
				8A4831EF222D8C7500FE0088 /* ResumeNode.swift in Sources */,
				8A983B20222BC4CD00980F15 /* QRServices.swift in Sources */,
				8A4831F1222DA97000FE0088 /* PhotosNode.swift in Sources */,
				8A484A0B2229A8A600362980 /* ConfirmPageCollectionViewCell.swift in Sources */,
				8A4831E7222C2ECD00FE0088 /* ARViewController.swift in Sources */,
				8A15BF332227FF0D001C683D /* AuthViewController.swift in Sources */,
				8A15BF3822280685001C683D /* AuthView.swift in Sources */,
				8A4831F6222DBE0500FE0088 /* CardNode.swift in Sources */,
				8A983B16222AE15A00980F15 /* QRCodeViewController.swift in Sources */,
				8A4831F3222DB20100FE0088 /* GalleryNode.swift in Sources */,
				8A15BF3A22280989001C683D /* AnchorExtension.swift in Sources */,
				8A983B18222AE28000980F15 /* QRCodeView.swift in Sources */,
				8A15BF58222841D7001C683D /* AuthServices.swift in Sources */,
				8A4831E9222C32A400FE0088 /* ImageExtensions.swift in Sources */,
				8A15BF6022287A4E001C683D /* ProfileViewController.swift in Sources */,
				8A4849FD2229632100362980 /* SwipingCollectionViewController.swift in Sources */,
				8A15BF312227FDCF001C683D /* Colors.swift in Sources */,
				8A53CAF3222EAAB8006B2D66 /* QRDetailsViewController.swift in Sources */,
				8A15BF6222287EC1001C683D /* ProfileView.swift in Sources */,
				8A983B22222BC6C400980F15 /* QRModel.swift in Sources */,
				8A15BF3C222809A4001C683D /* Constants.swift in Sources */,
				8A484A0122297B5E00362980 /* FadeExtensions.swift in Sources */,
				8A983B1A222BB78B00980F15 /* QRConverter.swift in Sources */,
			);
			runOnlyForDeploymentPostprocessing = 0;
		};
		8A15BF0B2227FCD7001C683D /* Sources */ = {
			isa = PBXSourcesBuildPhase;
			buildActionMask = 2147483647;
			files = (
				8A15BF142227FCD7001C683D /* AdvncdTests.swift in Sources */,
			);
			runOnlyForDeploymentPostprocessing = 0;
		};
		8A15BF162227FCD7001C683D /* Sources */ = {
			isa = PBXSourcesBuildPhase;
			buildActionMask = 2147483647;
			files = (
				8A15BF1F2227FCD7001C683D /* AdvncdUITests.swift in Sources */,
			);
			runOnlyForDeploymentPostprocessing = 0;
		};
/* End PBXSourcesBuildPhase section */

/* Begin PBXTargetDependency section */
		8A15BF112227FCD7001C683D /* PBXTargetDependency */ = {
			isa = PBXTargetDependency;
			target = 8A15BEFA2227FCD5001C683D /* Advncd */;
			targetProxy = 8A15BF102227FCD7001C683D /* PBXContainerItemProxy */;
		};
		8A15BF1C2227FCD7001C683D /* PBXTargetDependency */ = {
			isa = PBXTargetDependency;
			target = 8A15BEFA2227FCD5001C683D /* Advncd */;
			targetProxy = 8A15BF1B2227FCD7001C683D /* PBXContainerItemProxy */;
		};
/* End PBXTargetDependency section */

/* Begin PBXVariantGroup section */
		8A15BF022227FCD5001C683D /* Main.storyboard */ = {
			isa = PBXVariantGroup;
			children = (
				8A15BF032227FCD5001C683D /* Base */,
			);
			name = Main.storyboard;
			sourceTree = "<group>";
		};
		8A15BF072227FCD7001C683D /* LaunchScreen.storyboard */ = {
			isa = PBXVariantGroup;
			children = (
				8A15BF082227FCD7001C683D /* Base */,
			);
			name = LaunchScreen.storyboard;
			sourceTree = "<group>";
		};
/* End PBXVariantGroup section */

/* Begin XCBuildConfiguration section */
		8A15BF212227FCD7001C683D /* Debug */ = {
			isa = XCBuildConfiguration;
			buildSettings = {
				ALWAYS_SEARCH_USER_PATHS = NO;
				CLANG_ANALYZER_NONNULL = YES;
				CLANG_ANALYZER_NUMBER_OBJECT_CONVERSION = YES_AGGRESSIVE;
				CLANG_CXX_LANGUAGE_STANDARD = "gnu++14";
				CLANG_CXX_LIBRARY = "libc++";
				CLANG_ENABLE_MODULES = YES;
				CLANG_ENABLE_OBJC_ARC = YES;
				CLANG_ENABLE_OBJC_WEAK = YES;
				CLANG_WARN_BLOCK_CAPTURE_AUTORELEASING = YES;
				CLANG_WARN_BOOL_CONVERSION = YES;
				CLANG_WARN_COMMA = YES;
				CLANG_WARN_CONSTANT_CONVERSION = YES;
				CLANG_WARN_DEPRECATED_OBJC_IMPLEMENTATIONS = YES;
				CLANG_WARN_DIRECT_OBJC_ISA_USAGE = YES_ERROR;
				CLANG_WARN_DOCUMENTATION_COMMENTS = YES;
				CLANG_WARN_EMPTY_BODY = YES;
				CLANG_WARN_ENUM_CONVERSION = YES;
				CLANG_WARN_INFINITE_RECURSION = YES;
				CLANG_WARN_INT_CONVERSION = YES;
				CLANG_WARN_NON_LITERAL_NULL_CONVERSION = YES;
				CLANG_WARN_OBJC_IMPLICIT_RETAIN_SELF = YES;
				CLANG_WARN_OBJC_LITERAL_CONVERSION = YES;
				CLANG_WARN_OBJC_ROOT_CLASS = YES_ERROR;
				CLANG_WARN_RANGE_LOOP_ANALYSIS = YES;
				CLANG_WARN_STRICT_PROTOTYPES = YES;
				CLANG_WARN_SUSPICIOUS_MOVE = YES;
				CLANG_WARN_UNGUARDED_AVAILABILITY = YES_AGGRESSIVE;
				CLANG_WARN_UNREACHABLE_CODE = YES;
				CLANG_WARN__DUPLICATE_METHOD_MATCH = YES;
				CODE_SIGN_IDENTITY = "iPhone Developer";
				COPY_PHASE_STRIP = NO;
				DEBUG_INFORMATION_FORMAT = dwarf;
				ENABLE_STRICT_OBJC_MSGSEND = YES;
				ENABLE_TESTABILITY = YES;
				GCC_C_LANGUAGE_STANDARD = gnu11;
				GCC_DYNAMIC_NO_PIC = NO;
				GCC_NO_COMMON_BLOCKS = YES;
				GCC_OPTIMIZATION_LEVEL = 0;
				GCC_PREPROCESSOR_DEFINITIONS = (
					"DEBUG=1",
					"$(inherited)",
				);
				GCC_WARN_64_TO_32_BIT_CONVERSION = YES;
				GCC_WARN_ABOUT_RETURN_TYPE = YES_ERROR;
				GCC_WARN_UNDECLARED_SELECTOR = YES;
				GCC_WARN_UNINITIALIZED_AUTOS = YES_AGGRESSIVE;
				GCC_WARN_UNUSED_FUNCTION = YES;
				GCC_WARN_UNUSED_VARIABLE = YES;
				IPHONEOS_DEPLOYMENT_TARGET = 12.1;
				MTL_ENABLE_DEBUG_INFO = INCLUDE_SOURCE;
				MTL_FAST_MATH = YES;
				ONLY_ACTIVE_ARCH = YES;
				SDKROOT = iphoneos;
				SWIFT_ACTIVE_COMPILATION_CONDITIONS = DEBUG;
				SWIFT_OPTIMIZATION_LEVEL = "-Onone";
			};
			name = Debug;
		};
		8A15BF222227FCD7001C683D /* Release */ = {
			isa = XCBuildConfiguration;
			buildSettings = {
				ALWAYS_SEARCH_USER_PATHS = NO;
				CLANG_ANALYZER_NONNULL = YES;
				CLANG_ANALYZER_NUMBER_OBJECT_CONVERSION = YES_AGGRESSIVE;
				CLANG_CXX_LANGUAGE_STANDARD = "gnu++14";
				CLANG_CXX_LIBRARY = "libc++";
				CLANG_ENABLE_MODULES = YES;
				CLANG_ENABLE_OBJC_ARC = YES;
				CLANG_ENABLE_OBJC_WEAK = YES;
				CLANG_WARN_BLOCK_CAPTURE_AUTORELEASING = YES;
				CLANG_WARN_BOOL_CONVERSION = YES;
				CLANG_WARN_COMMA = YES;
				CLANG_WARN_CONSTANT_CONVERSION = YES;
				CLANG_WARN_DEPRECATED_OBJC_IMPLEMENTATIONS = YES;
				CLANG_WARN_DIRECT_OBJC_ISA_USAGE = YES_ERROR;
				CLANG_WARN_DOCUMENTATION_COMMENTS = YES;
				CLANG_WARN_EMPTY_BODY = YES;
				CLANG_WARN_ENUM_CONVERSION = YES;
				CLANG_WARN_INFINITE_RECURSION = YES;
				CLANG_WARN_INT_CONVERSION = YES;
				CLANG_WARN_NON_LITERAL_NULL_CONVERSION = YES;
				CLANG_WARN_OBJC_IMPLICIT_RETAIN_SELF = YES;
				CLANG_WARN_OBJC_LITERAL_CONVERSION = YES;
				CLANG_WARN_OBJC_ROOT_CLASS = YES_ERROR;
				CLANG_WARN_RANGE_LOOP_ANALYSIS = YES;
				CLANG_WARN_STRICT_PROTOTYPES = YES;
				CLANG_WARN_SUSPICIOUS_MOVE = YES;
				CLANG_WARN_UNGUARDED_AVAILABILITY = YES_AGGRESSIVE;
				CLANG_WARN_UNREACHABLE_CODE = YES;
				CLANG_WARN__DUPLICATE_METHOD_MATCH = YES;
				CODE_SIGN_IDENTITY = "iPhone Developer";
				COPY_PHASE_STRIP = NO;
				DEBUG_INFORMATION_FORMAT = "dwarf-with-dsym";
				ENABLE_NS_ASSERTIONS = NO;
				ENABLE_STRICT_OBJC_MSGSEND = YES;
				GCC_C_LANGUAGE_STANDARD = gnu11;
				GCC_NO_COMMON_BLOCKS = YES;
				GCC_WARN_64_TO_32_BIT_CONVERSION = YES;
				GCC_WARN_ABOUT_RETURN_TYPE = YES_ERROR;
				GCC_WARN_UNDECLARED_SELECTOR = YES;
				GCC_WARN_UNINITIALIZED_AUTOS = YES_AGGRESSIVE;
				GCC_WARN_UNUSED_FUNCTION = YES;
				GCC_WARN_UNUSED_VARIABLE = YES;
				IPHONEOS_DEPLOYMENT_TARGET = 12.1;
				MTL_ENABLE_DEBUG_INFO = NO;
				MTL_FAST_MATH = YES;
				SDKROOT = iphoneos;
				SWIFT_COMPILATION_MODE = wholemodule;
				SWIFT_OPTIMIZATION_LEVEL = "-O";
				VALIDATE_PRODUCT = YES;
			};
			name = Release;
		};
		8A15BF242227FCD7001C683D /* Debug */ = {
			isa = XCBuildConfiguration;
			baseConfigurationReference = 619B9B6A469648589AA07B4E /* Pods-Advncd.debug.xcconfig */;
			buildSettings = {
				ASSETCATALOG_COMPILER_APPICON_NAME = AppIcon;
				CODE_SIGN_STYLE = Automatic;
				DEVELOPMENT_TEAM = W444RWV5J8;
				INFOPLIST_FILE = Advncd/Info.plist;
				LD_RUNPATH_SEARCH_PATHS = (
					"$(inherited)",
					"@executable_path/Frameworks",
				);
				PRODUCT_BUNDLE_IDENTIFIER = com.Advncd;
				PRODUCT_NAME = "$(TARGET_NAME)";
				SWIFT_VERSION = 4.2;
				TARGETED_DEVICE_FAMILY = 1;
			};
			name = Debug;
		};
		8A15BF252227FCD7001C683D /* Release */ = {
			isa = XCBuildConfiguration;
			baseConfigurationReference = 9AE42CD4EB1774E7611D5007 /* Pods-Advncd.release.xcconfig */;
			buildSettings = {
				ASSETCATALOG_COMPILER_APPICON_NAME = AppIcon;
				CODE_SIGN_STYLE = Automatic;
				DEVELOPMENT_TEAM = W444RWV5J8;
				INFOPLIST_FILE = Advncd/Info.plist;
				LD_RUNPATH_SEARCH_PATHS = (
					"$(inherited)",
					"@executable_path/Frameworks",
				);
				PRODUCT_BUNDLE_IDENTIFIER = com.Advncd;
				PRODUCT_NAME = "$(TARGET_NAME)";
				SWIFT_VERSION = 4.2;
				TARGETED_DEVICE_FAMILY = 1;
			};
			name = Release;
		};
		8A15BF272227FCD7001C683D /* Debug */ = {
			isa = XCBuildConfiguration;
			baseConfigurationReference = CF367F498BDBDDEBC6153532 /* Pods-AdvncdTests.debug.xcconfig */;
			buildSettings = {
				ALWAYS_EMBED_SWIFT_STANDARD_LIBRARIES = YES;
				BUNDLE_LOADER = "$(TEST_HOST)";
				CODE_SIGN_STYLE = Automatic;
				DEVELOPMENT_TEAM = W444RWV5J8;
				INFOPLIST_FILE = AdvncdTests/Info.plist;
				LD_RUNPATH_SEARCH_PATHS = (
					"$(inherited)",
					"@executable_path/Frameworks",
					"@loader_path/Frameworks",
				);
				PRODUCT_BUNDLE_IDENTIFIER = com.AdvncdTests;
				PRODUCT_NAME = "$(TARGET_NAME)";
				SWIFT_VERSION = 4.2;
				TARGETED_DEVICE_FAMILY = "1,2";
				TEST_HOST = "$(BUILT_PRODUCTS_DIR)/Advncd.app/Advncd";
			};
			name = Debug;
		};
		8A15BF282227FCD7001C683D /* Release */ = {
			isa = XCBuildConfiguration;
			baseConfigurationReference = 65D9D6BC9E85B35524311251 /* Pods-AdvncdTests.release.xcconfig */;
			buildSettings = {
				ALWAYS_EMBED_SWIFT_STANDARD_LIBRARIES = YES;
				BUNDLE_LOADER = "$(TEST_HOST)";
				CODE_SIGN_STYLE = Automatic;
				DEVELOPMENT_TEAM = W444RWV5J8;
				INFOPLIST_FILE = AdvncdTests/Info.plist;
				LD_RUNPATH_SEARCH_PATHS = (
					"$(inherited)",
					"@executable_path/Frameworks",
					"@loader_path/Frameworks",
				);
				PRODUCT_BUNDLE_IDENTIFIER = com.AdvncdTests;
				PRODUCT_NAME = "$(TARGET_NAME)";
				SWIFT_VERSION = 4.2;
				TARGETED_DEVICE_FAMILY = "1,2";
				TEST_HOST = "$(BUILT_PRODUCTS_DIR)/Advncd.app/Advncd";
			};
			name = Release;
		};
		8A15BF2A2227FCD7001C683D /* Debug */ = {
			isa = XCBuildConfiguration;
			baseConfigurationReference = 9F087AA2D12DE8C238FF019E /* Pods-AdvncdUITests.debug.xcconfig */;
			buildSettings = {
				ALWAYS_EMBED_SWIFT_STANDARD_LIBRARIES = YES;
				CODE_SIGN_STYLE = Automatic;
				DEVELOPMENT_TEAM = W444RWV5J8;
				INFOPLIST_FILE = AdvncdUITests/Info.plist;
				LD_RUNPATH_SEARCH_PATHS = (
					"$(inherited)",
					"@executable_path/Frameworks",
					"@loader_path/Frameworks",
				);
				PRODUCT_BUNDLE_IDENTIFIER = com.AdvncdUITests;
				PRODUCT_NAME = "$(TARGET_NAME)";
				SWIFT_VERSION = 4.2;
				TARGETED_DEVICE_FAMILY = "1,2";
				TEST_TARGET_NAME = Advncd;
			};
			name = Debug;
		};
		8A15BF2B2227FCD7001C683D /* Release */ = {
			isa = XCBuildConfiguration;
			baseConfigurationReference = DE7591FEA6A255BF9D6542B0 /* Pods-AdvncdUITests.release.xcconfig */;
			buildSettings = {
				ALWAYS_EMBED_SWIFT_STANDARD_LIBRARIES = YES;
				CODE_SIGN_STYLE = Automatic;
				DEVELOPMENT_TEAM = W444RWV5J8;
				INFOPLIST_FILE = AdvncdUITests/Info.plist;
				LD_RUNPATH_SEARCH_PATHS = (
					"$(inherited)",
					"@executable_path/Frameworks",
					"@loader_path/Frameworks",
				);
				PRODUCT_BUNDLE_IDENTIFIER = com.AdvncdUITests;
				PRODUCT_NAME = "$(TARGET_NAME)";
				SWIFT_VERSION = 4.2;
				TARGETED_DEVICE_FAMILY = "1,2";
				TEST_TARGET_NAME = Advncd;
			};
			name = Release;
		};
/* End XCBuildConfiguration section */

/* Begin XCConfigurationList section */
		8A15BEF62227FCD5001C683D /* Build configuration list for PBXProject "Advncd" */ = {
			isa = XCConfigurationList;
			buildConfigurations = (
				8A15BF212227FCD7001C683D /* Debug */,
				8A15BF222227FCD7001C683D /* Release */,
			);
			defaultConfigurationIsVisible = 0;
			defaultConfigurationName = Release;
		};
		8A15BF232227FCD7001C683D /* Build configuration list for PBXNativeTarget "Advncd" */ = {
			isa = XCConfigurationList;
			buildConfigurations = (
				8A15BF242227FCD7001C683D /* Debug */,
				8A15BF252227FCD7001C683D /* Release */,
			);
			defaultConfigurationIsVisible = 0;
			defaultConfigurationName = Release;
		};
		8A15BF262227FCD7001C683D /* Build configuration list for PBXNativeTarget "AdvncdTests" */ = {
			isa = XCConfigurationList;
			buildConfigurations = (
				8A15BF272227FCD7001C683D /* Debug */,
				8A15BF282227FCD7001C683D /* Release */,
			);
			defaultConfigurationIsVisible = 0;
			defaultConfigurationName = Release;
		};
		8A15BF292227FCD7001C683D /* Build configuration list for PBXNativeTarget "AdvncdUITests" */ = {
			isa = XCConfigurationList;
			buildConfigurations = (
				8A15BF2A2227FCD7001C683D /* Debug */,
				8A15BF2B2227FCD7001C683D /* Release */,
			);
			defaultConfigurationIsVisible = 0;
			defaultConfigurationName = Release;
		};
/* End XCConfigurationList section */
	};
	rootObject = 8A15BEF32227FCD5001C683D /* Project object */;
}
